
Microsoft Visual Studio Solution File, Format Version 12.00
# Visual Studio Version 17
VisualStudioVersion = 17.3.32922.545
MinimumVisualStudioVersion = 10.0.40219.1
Project("{9A19103F-16F7-4668-BE54-9A1E7A4F7556}") = "Bitcraft.ToolKit.CodeGeneration", "Bitcraft.ToolKit.CodeGeneration\Bitcraft.ToolKit.CodeGeneration.csproj", "{DA3FCE27-8B35-40C8-9528-608B0455A228}"
EndProject
Project("{9A19103F-16F7-4668-BE54-9A1E7A4F7556}") = "Bitcraft.StateMachineTool.yWorks", "Bitcraft.StateMachineTool.yWorks\Bitcraft.StateMachineTool.yWorks.csproj", "{4483AD4A-C814-4CD1-BC76-F2D3226B205F}"
EndProject
Project("{9A19103F-16F7-4668-BE54-9A1E7A4F7556}") = "Bitcraft.StateMachineTool.Core", "Bitcraft.StateMachineTool.Core\Bitcraft.StateMachineTool.Core.csproj", "{33BED10F-D563-405F-96A9-EE989782FDA3}"
EndProject
Project("{9A19103F-16F7-4668-BE54-9A1E7A4F7556}") = "Bitcraft.StateMachineTool.CodeGenerators", "Bitcraft.StateMachineTool.CodeGenerators\Bitcraft.StateMachineTool.CodeGenerators.csproj", "{1162BA42-CE2D-4A53-B2A1-F2D63A4E9303}"
EndProject
Project("{9A19103F-16F7-4668-BE54-9A1E7A4F7556}") = "Bitcraft.StateMachineTool", "Bitcraft.StateMachineTool\Bitcraft.StateMachineTool.csproj", "{08747EF0-82BC-4F29-8841-91F0F890A630}"
EndProject
Project("{2150E333-8FDC-42A3-9474-1A3956D46DE8}") = "Solution Items", "Solution Items", "{0DEDB3F5-DB94-443A-9EF4-7BD30DB74A7C}"
	ProjectSection(SolutionItems) = preProject
		.editorconfig = .editorconfig
	EndProjectSection
EndProject
Global
	GlobalSection(SolutionConfigurationPlatforms) = preSolution
		Debug|Any CPU = Debug|Any CPU
		Release|Any CPU = Release|Any CPU
	EndGlobalSection
	GlobalSection(ProjectConfigurationPlatforms) = postSolution
		{DA3FCE27-8B35-40C8-9528-608B0455A228}.Debug|Any CPU.ActiveCfg = Debug|Any CPU
		{DA3FCE27-8B35-40C8-9528-608B0455A228}.Debug|Any CPU.Build.0 = Debug|Any CPU
		{DA3FCE27-8B35-40C8-9528-608B0455A228}.Release|Any CPU.ActiveCfg = Release|Any CPU
		{DA3FCE27-8B35-40C8-9528-608B0455A228}.Release|Any CPU.Build.0 = Release|Any CPU
		{4483AD4A-C814-4CD1-BC76-F2D3226B205F}.Debug|Any CPU.ActiveCfg = Debug|Any CPU
		{4483AD4A-C814-4CD1-BC76-F2D3226B205F}.Debug|Any CPU.Build.0 = Debug|Any CPU
		{4483AD4A-C814-4CD1-BC76-F2D3226B205F}.Release|Any CPU.ActiveCfg = Release|Any CPU
		{4483AD4A-C814-4CD1-BC76-F2D3226B205F}.Release|Any CPU.Build.0 = Release|Any CPU
		{33BED10F-D563-405F-96A9-EE989782FDA3}.Debug|Any CPU.ActiveCfg = Debug|Any CPU
		{33BED10F-D563-405F-96A9-EE989782FDA3}.Debug|Any CPU.Build.0 = Debug|Any CPU
		{33BED10F-D563-405F-96A9-EE989782FDA3}.Release|Any CPU.ActiveCfg = Release|Any CPU
		{33BED10F-D563-405F-96A9-EE989782FDA3}.Release|Any CPU.Build.0 = Release|Any CPU
		{1162BA42-CE2D-4A53-B2A1-F2D63A4E9303}.Debug|Any CPU.ActiveCfg = Debug|Any CPU
		{1162BA42-CE2D-4A53-B2A1-F2D63A4E9303}.Debug|Any CPU.Build.0 = Debug|Any CPU
		{1162BA42-CE2D-4A53-B2A1-F2D63A4E9303}.Release|Any CPU.ActiveCfg = Release|Any CPU
		{1162BA42-CE2D-4A53-B2A1-F2D63A4E9303}.Release|Any CPU.Build.0 = Release|Any CPU
		{08747EF0-82BC-4F29-8841-91F0F890A630}.Debug|Any CPU.ActiveCfg = Debug|Any CPU
		{08747EF0-82BC-4F29-8841-91F0F890A630}.Debug|Any CPU.Build.0 = Debug|Any CPU
		{08747EF0-82BC-4F29-8841-91F0F890A630}.Release|Any CPU.ActiveCfg = Release|Any CPU
		{08747EF0-82BC-4F29-8841-91F0F890A630}.Release|Any CPU.Build.0 = Release|Any CPU
	EndGlobalSection
	GlobalSection(SolutionProperties) = preSolution
		HideSolutionNode = FALSE
	EndGlobalSection
	GlobalSection(ExtensibilityGlobals) = postSolution
		SolutionGuid = {020CFEA1-3ACA-4103-A73F-8C0CEFFFE27C}
	EndGlobalSection
EndGlobal
